{
  "nodes": {
    "emacs-overlay": {
      "inputs": {
        "flake-utils": "flake-utils",
        "nixpkgs": [
          "nixpkgs"
        ],
        "nixpkgs-stable": [
          "nixpkgs-stable"
        ]
      },
      "locked": {
        "lastModified": 1727140563,
        "narHash": "sha256-uaugOQen4xK3vxect3xZyq3CsNOHcV5nMHS4yteIHFA=",
        "owner": "nix-community",
        "repo": "emacs-overlay",
        "rev": "b3512b3df5396e17d9e89cadcc3f57db0ea1fecc",
        "type": "github"
      },
      "original": {
        "owner": "nix-community",
        "repo": "emacs-overlay",
        "type": "github"
      }
    },
    "flake-utils": {
      "inputs": {
        "systems": "systems"
      },
      "locked": {
        "lastModified": 1726560853,
        "narHash": "sha256-X6rJYSESBVr3hBoH0WbKE5KvhPU5bloyZ2L4K60/fPQ=",
        "owner": "numtide",
        "repo": "flake-utils",
        "rev": "c1dfcf08411b08f6b8615f7d8971a2bfa81d5e8a",
        "type": "github"
      },
      "original": {
        "owner": "numtide",
        "repo": "flake-utils",
        "type": "github"
      }
    },
    "home-manager": {
      "inputs": {
        "nixpkgs": [
          "nixpkgs"
        ]
      },
      "locked": {
        "lastModified": 1727111745,
        "narHash": "sha256-EYLvFRoTPWtD+3uDg2wwQvlz88OrIr3zld+jFE5gDcY=",
        "owner": "nix-community",
        "repo": "home-manager",
        "rev": "21c021862fa696c8199934e2153214ab57150cb6",
        "type": "github"
      },
      "original": {
        "owner": "nix-community",
        "repo": "home-manager",
        "type": "github"
      }
    },
    "isc": {
      "inputs": {
        "nixpkgs": [
          "nixpkgs"
        ],
        "utils": "utils"
      },
      "locked": {
        "lastModified": 1671097758,
        "narHash": "sha256-heF/AFmxi+2C/ZDiys0t/BAxc4xOnpvmVS72L5Jhk9w=",
        "owner": "jthulhu",
        "repo": "isc",
        "rev": "81b87318a588c2e0d4fcf44e39b85fbe7a08b043",
        "type": "github"
      },
      "original": {
        "owner": "jthulhu",
        "repo": "isc",
        "type": "github"
      }
    },
    "kbd-mode": {
      "flake": false,
      "locked": {
        "lastModified": 1726303466,
        "narHash": "sha256-qJ8suMr4Z6X51u0cUw3SwGYrr59DMyWNW8oTunP7f4g=",
        "owner": "kmonad",
        "repo": "kbd-mode",
        "rev": "a7678e43c9eb71c8963793209848686c212dfb58",
        "type": "github"
      },
      "original": {
        "owner": "kmonad",
        "repo": "kbd-mode",
        "type": "github"
      }
    },
    "lean4-mode": {
      "flake": false,
      "locked": {
        "lastModified": 1715638931,
        "narHash": "sha256-U6MJIcBZf1XrUnssipgEy0BhF4/zhKVWblUvNqKNQe0=",
        "owner": "leanprover",
        "repo": "lean4-mode",
        "rev": "da7b63d854d010d621e2c82a53d6ae2d94dd53b0",
        "type": "github"
      },
      "original": {
        "owner": "leanprover",
        "repo": "lean4-mode",
        "type": "github"
      }
    },
    "nixpkgs": {
      "locked": {
        "lastModified": 1726937504,
        "narHash": "sha256-bvGoiQBvponpZh8ClUcmJ6QnsNKw0EMrCQJARK3bI1c=",
        "owner": "nixos",
        "repo": "nixpkgs",
        "rev": "9357f4f23713673f310988025d9dc261c20e70c6",
        "type": "github"
      },
      "original": {
        "owner": "nixos",
        "ref": "nixos-unstable",
        "repo": "nixpkgs",
        "type": "github"
      }
    },
    "nixpkgs-stable": {
      "locked": {
        "lastModified": 1726969270,
        "narHash": "sha256-8fnFlXBgM/uSvBlLWjZ0Z0sOdRBesyNdH0+esxqizGc=",
        "owner": "nixos",
        "repo": "nixpkgs",
        "rev": "23cbb250f3bf4f516a2d0bf03c51a30900848075",
        "type": "github"
      },
      "original": {
        "owner": "nixos",
        "ref": "nixos-24.05",
        "repo": "nixpkgs",
        "type": "github"
      }
    },
    "root": {
      "inputs": {
        "emacs-overlay": "emacs-overlay",
        "home-manager": "home-manager",
        "isc": "isc",
        "kbd-mode": "kbd-mode",
        "lean4-mode": "lean4-mode",
        "nixpkgs": "nixpkgs",
        "nixpkgs-stable": "nixpkgs-stable",
        "typst-preview": "typst-preview",
        "typst-ts-mode": "typst-ts-mode"
      }
    },
    "systems": {
      "locked": {
        "lastModified": 1681028828,
        "narHash": "sha256-Vy1rq5AaRuLzOxct8nz4T6wlgyUR7zLU309k9mBC768=",
        "owner": "nix-systems",
        "repo": "default",
        "rev": "da67096a3b9bf56a91d16901293e51ba5b49a27e",
        "type": "github"
      },
      "original": {
        "owner": "nix-systems",
        "repo": "default",
        "type": "github"
      }
    },
    "typst-preview": {
      "flake": false,
      "locked": {
        "lastModified": 1726661022,
        "narHash": "sha256-7iE9VxrnYptQtvvy6td++gY1Dl2DUUQXjKlWqEoxzSg=",
        "owner": "havarddj",
        "repo": "typst-preview.el",
        "rev": "b7cbfb9403c445d4d60da97db3c027322cb70e4b",
        "type": "github"
      },
      "original": {
        "owner": "havarddj",
        "repo": "typst-preview.el",
        "type": "github"
      }
    },
    "typst-ts-mode": {
      "flake": false,
      "locked": {
        "lastModified": 1723615847,
        "narHash": "sha256-C4BV+6wAheIMR5TRyPDwmLYx/z9TyZ4eLSiux/sPnGM=",
        "ref": "refs/heads/main",
        "rev": "a8487acfb74b93f76784651459e65e47f815cd67",
        "revCount": 162,
        "type": "git",
        "url": "https://git.sr.ht/~meow_king/typst-ts-mode"
      },
      "original": {
        "type": "git",
        "url": "https://git.sr.ht/~meow_king/typst-ts-mode"
      }
    },
    "utils": {
      "locked": {
        "lastModified": 1656928814,
        "narHash": "sha256-RIFfgBuKz6Hp89yRr7+NR5tzIAbn52h8vT6vXkYjZoM=",
        "owner": "numtide",
        "repo": "flake-utils",
        "rev": "7e2a3b3dfd9af950a856d66b0a7d01e3c18aa249",
        "type": "github"
      },
      "original": {
        "owner": "numtide",
        "repo": "flake-utils",
        "type": "github"
      }
    }
  },
  "root": "root",
  "version": 7
}
