{
  "nodes": {
    "emacsOverlay": {
      "inputs": {
        "flake-utils": "flake-utils",
        "nixpkgs": "nixpkgs",
        "nixpkgs-stable": "nixpkgs-stable"
      },
      "locked": {
        "lastModified": 1686384854,
        "narHash": "sha256-Jkuxzrc/ab2Zi1onSdGUVe3aY5NJPCdPIaPfpCX4EXU=",
        "owner": "nix-community",
        "repo": "emacs-overlay",
        "rev": "54cb49d301ec3211e22b3e75d2aa4be346d0c1a2",
        "type": "github"
      },
      "original": {
        "owner": "nix-community",
        "repo": "emacs-overlay",
        "type": "github"
      }
    },
    "flake-utils": {
      "inputs": {
        "systems": "systems"
      },
      "locked": {
        "lastModified": 1685518550,
        "narHash": "sha256-o2d0KcvaXzTrPRIo0kOLV0/QXHhDQ5DTi+OxcjO8xqY=",
        "owner": "numtide",
        "repo": "flake-utils",
        "rev": "a1720a10a6cfe8234c0e93907ffe81be440f4cef",
        "type": "github"
      },
      "original": {
        "owner": "numtide",
        "repo": "flake-utils",
        "type": "github"
      }
    },
    "homeManager": {
      "inputs": {
        "nixpkgs": [
          "nixpkgs"
        ]
      },
      "locked": {
        "lastModified": 1686391840,
        "narHash": "sha256-5S0APl6Mfm6a37taHwvuf11UHnAX0+PnoWQbsYbMUnc=",
        "owner": "nix-community",
        "repo": "home-manager",
        "rev": "0144ac418ef633bfc9dbd89b8c199ad3a617c59f",
        "type": "github"
      },
      "original": {
        "owner": "nix-community",
        "repo": "home-manager",
        "type": "github"
      }
    },
    "isc": {
      "inputs": {
        "nixpkgs": [
          "nixpkgs"
        ],
        "utils": "utils"
      },
      "locked": {
        "lastModified": 1671097758,
        "narHash": "sha256-heF/AFmxi+2C/ZDiys0t/BAxc4xOnpvmVS72L5Jhk9w=",
        "owner": "jthulhu",
        "repo": "isc",
        "rev": "81b87318a588c2e0d4fcf44e39b85fbe7a08b043",
        "type": "github"
      },
      "original": {
        "owner": "jthulhu",
        "repo": "isc",
        "type": "github"
      }
    },
    "nixpkgs": {
      "locked": {
        "lastModified": 1686319658,
        "narHash": "sha256-tGWdoUAqKnE866mYFlEfc2a99kxFy31hOQJH5YQKrTQ=",
        "owner": "NixOS",
        "repo": "nixpkgs",
        "rev": "ae766d59b07c450e0f1de8a1bfd6529089f40849",
        "type": "github"
      },
      "original": {
        "owner": "NixOS",
        "ref": "nixos-unstable",
        "repo": "nixpkgs",
        "type": "github"
      }
    },
    "nixpkgs-stable": {
      "locked": {
        "lastModified": 1686237827,
        "narHash": "sha256-fAZB+Zkcmc+qlauiFnIH9+2qgwM0NO/ru5pWEw3tDow=",
        "owner": "NixOS",
        "repo": "nixpkgs",
        "rev": "81ed90058a851eb73be835c770e062c6938c8a9e",
        "type": "github"
      },
      "original": {
        "owner": "NixOS",
        "ref": "nixos-23.05",
        "repo": "nixpkgs",
        "type": "github"
      }
    },
    "nixpkgs-stable_2": {
      "locked": {
        "lastModified": 1686306016,
        "narHash": "sha256-I3ziTWye7k07KknmO1WHym1YpKYaeZs+0GsxA9nRyTc=",
        "owner": "nixos",
        "repo": "nixpkgs",
        "rev": "124e028a0c59db58bc60e855a92eeb9299fd0be3",
        "type": "github"
      },
      "original": {
        "owner": "nixos",
        "ref": "nixos-22.11",
        "repo": "nixpkgs",
        "type": "github"
      }
    },
    "nixpkgs_2": {
      "locked": {
        "lastModified": 1686319658,
        "narHash": "sha256-tGWdoUAqKnE866mYFlEfc2a99kxFy31hOQJH5YQKrTQ=",
        "owner": "nixos",
        "repo": "nixpkgs",
        "rev": "ae766d59b07c450e0f1de8a1bfd6529089f40849",
        "type": "github"
      },
      "original": {
        "owner": "nixos",
        "ref": "nixos-unstable",
        "repo": "nixpkgs",
        "type": "github"
      }
    },
    "root": {
      "inputs": {
        "emacsOverlay": "emacsOverlay",
        "homeManager": "homeManager",
        "isc": "isc",
        "nixpkgs": "nixpkgs_2",
        "nixpkgs-stable": "nixpkgs-stable_2"
      }
    },
    "systems": {
      "locked": {
        "lastModified": 1681028828,
        "narHash": "sha256-Vy1rq5AaRuLzOxct8nz4T6wlgyUR7zLU309k9mBC768=",
        "owner": "nix-systems",
        "repo": "default",
        "rev": "da67096a3b9bf56a91d16901293e51ba5b49a27e",
        "type": "github"
      },
      "original": {
        "owner": "nix-systems",
        "repo": "default",
        "type": "github"
      }
    },
    "utils": {
      "locked": {
        "lastModified": 1656928814,
        "narHash": "sha256-RIFfgBuKz6Hp89yRr7+NR5tzIAbn52h8vT6vXkYjZoM=",
        "owner": "numtide",
        "repo": "flake-utils",
        "rev": "7e2a3b3dfd9af950a856d66b0a7d01e3c18aa249",
        "type": "github"
      },
      "original": {
        "owner": "numtide",
        "repo": "flake-utils",
        "type": "github"
      }
    }
  },
  "root": "root",
  "version": 7
}
